
Microsoft Visual Studio Solution File, Format Version 12.00
# Visual Studio Version 17
VisualStudioVersion = 17.0.31912.275
MinimumVisualStudioVersion = 10.0.40219.1
Project("{9A19103F-16F7-4668-BE54-9A1E7A4F7556}") = "MultiThreading", "MultiThreading\MultiThreading.csproj", "{1BE66169-3A09-4978-AFD7-D3E010277F97}"
EndProject
Project("{FAE04EC0-301F-11D3-BF4B-00C04F79EFBC}") = "EmployeePayRollTest", "EmployeePayRollTest\EmployeePayRollTest.csproj", "{34EE7B5A-D2A1-4C5B-B03F-0164C729F64F}"
EndProject
Global
	GlobalSection(SolutionConfigurationPlatforms) = preSolution
		Debug|Any CPU = Debug|Any CPU
		Release|Any CPU = Release|Any CPU
	EndGlobalSection
	GlobalSection(ProjectConfigurationPlatforms) = postSolution
		{1BE66169-3A09-4978-AFD7-D3E010277F97}.Debug|Any CPU.ActiveCfg = Debug|Any CPU
		{1BE66169-3A09-4978-AFD7-D3E010277F97}.Debug|Any CPU.Build.0 = Debug|Any CPU
		{1BE66169-3A09-4978-AFD7-D3E010277F97}.Release|Any CPU.ActiveCfg = Release|Any CPU
		{1BE66169-3A09-4978-AFD7-D3E010277F97}.Release|Any CPU.Build.0 = Release|Any CPU
		{34EE7B5A-D2A1-4C5B-B03F-0164C729F64F}.Debug|Any CPU.ActiveCfg = Debug|Any CPU
		{34EE7B5A-D2A1-4C5B-B03F-0164C729F64F}.Debug|Any CPU.Build.0 = Debug|Any CPU
		{34EE7B5A-D2A1-4C5B-B03F-0164C729F64F}.Release|Any CPU.ActiveCfg = Release|Any CPU
		{34EE7B5A-D2A1-4C5B-B03F-0164C729F64F}.Release|Any CPU.Build.0 = Release|Any CPU
	EndGlobalSection
	GlobalSection(SolutionProperties) = preSolution
		HideSolutionNode = FALSE
	EndGlobalSection
	GlobalSection(ExtensibilityGlobals) = postSolution
		SolutionGuid = {90F8B62B-ADF4-4783-AFCE-A8F2135A6A25}
	EndGlobalSection
EndGlobal
